// !$*UTF8*$!
{
	archiveVersion = 1;
	classes = {
	};
	objectVersion = 56;
	objects = {

/* Begin PBXBuildFile section */
		6E1341B4280605060092B126 /* AppDelegate.swift in Sources */ = {isa = PBXBuildFile; fileRef = 6E1341B3280605060092B126 /* AppDelegate.swift */; };
		6E1341B6280605060092B126 /* SceneDelegate.swift in Sources */ = {isa = PBXBuildFile; fileRef = 6E1341B5280605060092B126 /* SceneDelegate.swift */; };
		6E1341B8280605060092B126 /* MainPageViewController.swift in Sources */ = {isa = PBXBuildFile; fileRef = 6E1341B7280605060092B126 /* MainPageViewController.swift */; };
		6E1341BD280605070092B126 /* Assets.xcassets in Resources */ = {isa = PBXBuildFile; fileRef = 6E1341BC280605070092B126 /* Assets.xcassets */; };
		6E1341C0280605070092B126 /* LaunchScreen.storyboard in Resources */ = {isa = PBXBuildFile; fileRef = 6E1341BE280605070092B126 /* LaunchScreen.storyboard */; };
		6E1341CB280605070092B126 /* ShoppingAppTests.swift in Sources */ = {isa = PBXBuildFile; fileRef = 6E1341CA280605070092B126 /* ShoppingAppTests.swift */; };
		6E1341D5280605070092B126 /* ShoppingAppUITests.swift in Sources */ = {isa = PBXBuildFile; fileRef = 6E1341D4280605070092B126 /* ShoppingAppUITests.swift */; };
		6E1341D7280605070092B126 /* ShoppingAppUITestsLaunchTests.swift in Sources */ = {isa = PBXBuildFile; fileRef = 6E1341D6280605070092B126 /* ShoppingAppUITestsLaunchTests.swift */; };
		837FC4D629AFD32C003A9EED /* BaseViewController.swift in Sources */ = {isa = PBXBuildFile; fileRef = 837FC4D529AFD32C003A9EED /* BaseViewController.swift */; };
		837FC4DA29AFE1CD003A9EED /* ProductsCollectionViewCell.swift in Sources */ = {isa = PBXBuildFile; fileRef = 837FC4D829AFE1CD003A9EED /* ProductsCollectionViewCell.swift */; };
		837FC4DB29AFE1CD003A9EED /* ProductsCollectionViewCell.xib in Resources */ = {isa = PBXBuildFile; fileRef = 837FC4D929AFE1CD003A9EED /* ProductsCollectionViewCell.xib */; };
		837FC4DD29AFE3A5003A9EED /* UIFont+AppFont.swift in Sources */ = {isa = PBXBuildFile; fileRef = 837FC4DC29AFE3A5003A9EED /* UIFont+AppFont.swift */; };
		837FC4DF29AFE684003A9EED /* ProductsCollectionCellViewModel.swift in Sources */ = {isa = PBXBuildFile; fileRef = 837FC4DE29AFE684003A9EED /* ProductsCollectionCellViewModel.swift */; };
		839A9D2D29AFC25200D51D7C /* UIColor+AppColors.swift in Sources */ = {isa = PBXBuildFile; fileRef = 839A9D2C29AFC25200D51D7C /* UIColor+AppColors.swift */; };
		839AC28A29AE32E000B6A250 /* NavigationRouter.swift in Sources */ = {isa = PBXBuildFile; fileRef = 839AC28929AE32E000B6A250 /* NavigationRouter.swift */; };
		839AC29129AE33D300B6A250 /* DetailPageViewController.swift in Sources */ = {isa = PBXBuildFile; fileRef = 839AC28F29AE33D300B6A250 /* DetailPageViewController.swift */; };
		839AC29529AE379800B6A250 /* NavigationEnum.swift in Sources */ = {isa = PBXBuildFile; fileRef = 839AC29429AE379800B6A250 /* NavigationEnum.swift */; };
		839AC29E29AE4C1D00B6A250 /* ViewControllerBuilder.swift in Sources */ = {isa = PBXBuildFile; fileRef = 839AC29D29AE4C1D00B6A250 /* ViewControllerBuilder.swift */; };
		839AC2A629AE91CF00B6A250 /* UIViewController+LoadNib.swift in Sources */ = {isa = PBXBuildFile; fileRef = 839AC2A529AE91CF00B6A250 /* UIViewController+LoadNib.swift */; };
		839AC2A929AE94D400B6A250 /* ShoppingCartViewController.swift in Sources */ = {isa = PBXBuildFile; fileRef = 839AC2A729AE94D400B6A250 /* ShoppingCartViewController.swift */; };
		839AC2AC29AE9FDB00B6A250 /* MainPageViewController.storyboard in Resources */ = {isa = PBXBuildFile; fileRef = 839AC2AB29AE9FDB00B6A250 /* MainPageViewController.storyboard */; };
		839AC2AE29AEA10600B6A250 /* DetailPageViewController.storyboard in Resources */ = {isa = PBXBuildFile; fileRef = 839AC2AD29AEA10600B6A250 /* DetailPageViewController.storyboard */; };
		839AC2B029AEA15F00B6A250 /* ShoppingCartViewController.storyboard in Resources */ = {isa = PBXBuildFile; fileRef = 839AC2AF29AEA15F00B6A250 /* ShoppingCartViewController.storyboard */; };
		839AC2B429AEA92C00B6A250 /* UINavigationController+Configuration.swift in Sources */ = {isa = PBXBuildFile; fileRef = 839AC2B329AEA92C00B6A250 /* UINavigationController+Configuration.swift */; };
		83B3DCB129B29DB900AC4808 /* NetworkLayer.framework in Frameworks */ = {isa = PBXBuildFile; fileRef = 83B3DCB029B29DB300AC4808 /* NetworkLayer.framework */; };
		83B3DCB229B29DB900AC4808 /* NetworkLayer.framework in Embed Frameworks */ = {isa = PBXBuildFile; fileRef = 83B3DCB029B29DB300AC4808 /* NetworkLayer.framework */; settings = {ATTRIBUTES = (CodeSignOnCopy, RemoveHeadersOnCopy, ); }; };
		83E8FF3B29B286BB002D507D /* DetailPageViewModel.swift in Sources */ = {isa = PBXBuildFile; fileRef = 83E8FF3A29B286BB002D507D /* DetailPageViewModel.swift */; };
		83E8FF3D29B29035002D507D /* BaseViewModel.swift in Sources */ = {isa = PBXBuildFile; fileRef = 83E8FF3C29B29035002D507D /* BaseViewModel.swift */; };
		83FF61D529B0D42E00CD6FAF /* MainPageViewModel.swift in Sources */ = {isa = PBXBuildFile; fileRef = 83FF61D429B0D42E00CD6FAF /* MainPageViewModel.swift */; };
		83FF61DA29B0D55900CD6FAF /* Product.swift in Sources */ = {isa = PBXBuildFile; fileRef = 83FF61D929B0D55900CD6FAF /* Product.swift */; };
		83FF61DC29B0EABC00CD6FAF /* Double+String.swift in Sources */ = {isa = PBXBuildFile; fileRef = 83FF61DB29B0EABC00CD6FAF /* Double+String.swift */; };
		83FF61DE29B0EAF400CD6FAF /* CurrenyCodeEnum.swift in Sources */ = {isa = PBXBuildFile; fileRef = 83FF61DD29B0EAF400CD6FAF /* CurrenyCodeEnum.swift */; };
		83FF61E129B0EBDE00CD6FAF /* UIImage+URL.swift in Sources */ = {isa = PBXBuildFile; fileRef = 83FF61E029B0EBDE00CD6FAF /* UIImage+URL.swift */; };
/* End PBXBuildFile section */

/* Begin PBXContainerItemProxy section */
		6E1341C7280605070092B126 /* PBXContainerItemProxy */ = {
			isa = PBXContainerItemProxy;
			containerPortal = 6E1341A8280605060092B126 /* Project object */;
			proxyType = 1;
			remoteGlobalIDString = 6E1341AF280605060092B126;
			remoteInfo = ShoppingApp;
		};
		6E1341D1280605070092B126 /* PBXContainerItemProxy */ = {
			isa = PBXContainerItemProxy;
			containerPortal = 6E1341A8280605060092B126 /* Project object */;
			proxyType = 1;
			remoteGlobalIDString = 6E1341AF280605060092B126;
			remoteInfo = ShoppingApp;
		};
		83B3DCA229B29D8D00AC4808 /* PBXContainerItemProxy */ = {
			isa = PBXContainerItemProxy;
			containerPortal = 83B3DC9A29B29D8D00AC4808 /* NetworkLayer.xcodeproj */;
			proxyType = 2;
			remoteGlobalIDString = 832E574E29B0CFC500827F9F;
			remoteInfo = NetworkLayer;
		};
		83B3DCAF29B29DB300AC4808 /* PBXContainerItemProxy */ = {
			isa = PBXContainerItemProxy;
			containerPortal = 83B3DCA729B29DB300AC4808 /* NetworkLayer.xcodeproj */;
			proxyType = 2;
			remoteGlobalIDString = 832E574E29B0CFC500827F9F;
			remoteInfo = NetworkLayer;
		};
/* End PBXContainerItemProxy section */

/* Begin PBXCopyFilesBuildPhase section */
		83B3DCB329B29DB900AC4808 /* Embed Frameworks */ = {
			isa = PBXCopyFilesBuildPhase;
			buildActionMask = 2147483647;
			dstPath = "";
			dstSubfolderSpec = 10;
			files = (
				83B3DCB229B29DB900AC4808 /* NetworkLayer.framework in Embed Frameworks */,
			);
			name = "Embed Frameworks";
			runOnlyForDeploymentPostprocessing = 0;
		};
/* End PBXCopyFilesBuildPhase section */

/* Begin PBXFileReference section */
		6E1341B0280605060092B126 /* ShoppingApp.app */ = {isa = PBXFileReference; explicitFileType = wrapper.application; includeInIndex = 0; path = ShoppingApp.app; sourceTree = BUILT_PRODUCTS_DIR; };
		6E1341B3280605060092B126 /* AppDelegate.swift */ = {isa = PBXFileReference; lastKnownFileType = sourcecode.swift; path = AppDelegate.swift; sourceTree = "<group>"; };
		6E1341B5280605060092B126 /* SceneDelegate.swift */ = {isa = PBXFileReference; lastKnownFileType = sourcecode.swift; path = SceneDelegate.swift; sourceTree = "<group>"; };
		6E1341B7280605060092B126 /* MainPageViewController.swift */ = {isa = PBXFileReference; lastKnownFileType = sourcecode.swift; path = MainPageViewController.swift; sourceTree = "<group>"; };
		6E1341BC280605070092B126 /* Assets.xcassets */ = {isa = PBXFileReference; lastKnownFileType = folder.assetcatalog; path = Assets.xcassets; sourceTree = "<group>"; };
		6E1341BF280605070092B126 /* Base */ = {isa = PBXFileReference; lastKnownFileType = file.storyboard; name = Base; path = Base.lproj/LaunchScreen.storyboard; sourceTree = "<group>"; };
		6E1341C1280605070092B126 /* Info.plist */ = {isa = PBXFileReference; lastKnownFileType = text.plist.xml; path = Info.plist; sourceTree = "<group>"; };
		6E1341C6280605070092B126 /* ShoppingAppTests.xctest */ = {isa = PBXFileReference; explicitFileType = wrapper.cfbundle; includeInIndex = 0; path = ShoppingAppTests.xctest; sourceTree = BUILT_PRODUCTS_DIR; };
		6E1341CA280605070092B126 /* ShoppingAppTests.swift */ = {isa = PBXFileReference; lastKnownFileType = sourcecode.swift; path = ShoppingAppTests.swift; sourceTree = "<group>"; };
		6E1341D0280605070092B126 /* ShoppingAppUITests.xctest */ = {isa = PBXFileReference; explicitFileType = wrapper.cfbundle; includeInIndex = 0; path = ShoppingAppUITests.xctest; sourceTree = BUILT_PRODUCTS_DIR; };
		6E1341D4280605070092B126 /* ShoppingAppUITests.swift */ = {isa = PBXFileReference; lastKnownFileType = sourcecode.swift; path = ShoppingAppUITests.swift; sourceTree = "<group>"; };
		6E1341D6280605070092B126 /* ShoppingAppUITestsLaunchTests.swift */ = {isa = PBXFileReference; lastKnownFileType = sourcecode.swift; path = ShoppingAppUITestsLaunchTests.swift; sourceTree = "<group>"; };
		837FC4D529AFD32C003A9EED /* BaseViewController.swift */ = {isa = PBXFileReference; lastKnownFileType = sourcecode.swift; path = BaseViewController.swift; sourceTree = "<group>"; };
		837FC4D829AFE1CD003A9EED /* ProductsCollectionViewCell.swift */ = {isa = PBXFileReference; lastKnownFileType = sourcecode.swift; path = ProductsCollectionViewCell.swift; sourceTree = "<group>"; };
		837FC4D929AFE1CD003A9EED /* ProductsCollectionViewCell.xib */ = {isa = PBXFileReference; lastKnownFileType = file.xib; path = ProductsCollectionViewCell.xib; sourceTree = "<group>"; };
		837FC4DC29AFE3A5003A9EED /* UIFont+AppFont.swift */ = {isa = PBXFileReference; lastKnownFileType = sourcecode.swift; path = "UIFont+AppFont.swift"; sourceTree = "<group>"; };
		837FC4DE29AFE684003A9EED /* ProductsCollectionCellViewModel.swift */ = {isa = PBXFileReference; lastKnownFileType = sourcecode.swift; path = ProductsCollectionCellViewModel.swift; sourceTree = "<group>"; };
		839A9D2C29AFC25200D51D7C /* UIColor+AppColors.swift */ = {isa = PBXFileReference; lastKnownFileType = sourcecode.swift; path = "UIColor+AppColors.swift"; sourceTree = "<group>"; };
		839AC28929AE32E000B6A250 /* NavigationRouter.swift */ = {isa = PBXFileReference; lastKnownFileType = sourcecode.swift; path = NavigationRouter.swift; sourceTree = "<group>"; };
		839AC28F29AE33D300B6A250 /* DetailPageViewController.swift */ = {isa = PBXFileReference; lastKnownFileType = sourcecode.swift; path = DetailPageViewController.swift; sourceTree = "<group>"; };
		839AC29429AE379800B6A250 /* NavigationEnum.swift */ = {isa = PBXFileReference; lastKnownFileType = sourcecode.swift; path = NavigationEnum.swift; sourceTree = "<group>"; };
		839AC29D29AE4C1D00B6A250 /* ViewControllerBuilder.swift */ = {isa = PBXFileReference; lastKnownFileType = sourcecode.swift; path = ViewControllerBuilder.swift; sourceTree = "<group>"; };
		839AC2A529AE91CF00B6A250 /* UIViewController+LoadNib.swift */ = {isa = PBXFileReference; lastKnownFileType = sourcecode.swift; path = "UIViewController+LoadNib.swift"; sourceTree = "<group>"; };
		839AC2A729AE94D400B6A250 /* ShoppingCartViewController.swift */ = {isa = PBXFileReference; lastKnownFileType = sourcecode.swift; path = ShoppingCartViewController.swift; sourceTree = "<group>"; };
		839AC2AB29AE9FDB00B6A250 /* MainPageViewController.storyboard */ = {isa = PBXFileReference; lastKnownFileType = file.storyboard; path = MainPageViewController.storyboard; sourceTree = "<group>"; };
		839AC2AD29AEA10600B6A250 /* DetailPageViewController.storyboard */ = {isa = PBXFileReference; lastKnownFileType = file.storyboard; path = DetailPageViewController.storyboard; sourceTree = "<group>"; };
		839AC2AF29AEA15F00B6A250 /* ShoppingCartViewController.storyboard */ = {isa = PBXFileReference; lastKnownFileType = file.storyboard; path = ShoppingCartViewController.storyboard; sourceTree = "<group>"; };
		839AC2B329AEA92C00B6A250 /* UINavigationController+Configuration.swift */ = {isa = PBXFileReference; lastKnownFileType = sourcecode.swift; path = "UINavigationController+Configuration.swift"; sourceTree = "<group>"; };
		83B3DC9A29B29D8D00AC4808 /* NetworkLayer.xcodeproj */ = {isa = PBXFileReference; lastKnownFileType = "wrapper.pb-project"; path = NetworkLayer.xcodeproj; sourceTree = "<group>"; };
		83B3DC9E29B29D8D00AC4808 /* NetworkLayer.docc */ = {isa = PBXFileReference; lastKnownFileType = folder.documentationcatalog; path = NetworkLayer.docc; sourceTree = "<group>"; };
		83B3DC9F29B29D8D00AC4808 /* NetworkLayer.swift */ = {isa = PBXFileReference; lastKnownFileType = sourcecode.swift; path = NetworkLayer.swift; sourceTree = "<group>"; };
		83B3DCA029B29D8D00AC4808 /* NetworkLayer.h */ = {isa = PBXFileReference; lastKnownFileType = sourcecode.c.h; path = NetworkLayer.h; sourceTree = "<group>"; };
		83B3DCA729B29DB300AC4808 /* NetworkLayer.xcodeproj */ = {isa = PBXFileReference; lastKnownFileType = "wrapper.pb-project"; path = NetworkLayer.xcodeproj; sourceTree = "<group>"; };
		83B3DCAB29B29DB300AC4808 /* NetworkLayer.docc */ = {isa = PBXFileReference; lastKnownFileType = folder.documentationcatalog; path = NetworkLayer.docc; sourceTree = "<group>"; };
		83B3DCAC29B29DB300AC4808 /* NetworkLayer.swift */ = {isa = PBXFileReference; lastKnownFileType = sourcecode.swift; path = NetworkLayer.swift; sourceTree = "<group>"; };
		83B3DCAD29B29DB300AC4808 /* NetworkLayer.h */ = {isa = PBXFileReference; lastKnownFileType = sourcecode.c.h; path = NetworkLayer.h; sourceTree = "<group>"; };
		83E8FF3A29B286BB002D507D /* DetailPageViewModel.swift */ = {isa = PBXFileReference; lastKnownFileType = sourcecode.swift; path = DetailPageViewModel.swift; sourceTree = "<group>"; };
		83E8FF3C29B29035002D507D /* BaseViewModel.swift */ = {isa = PBXFileReference; lastKnownFileType = sourcecode.swift; path = BaseViewModel.swift; sourceTree = "<group>"; };
		83E8FF4A29B29B9F002D507D /* NetworkLayer.framework */ = {isa = PBXFileReference; explicitFileType = wrapper.framework; path = NetworkLayer.framework; sourceTree = BUILT_PRODUCTS_DIR; };
		83FF61CE29B0D05D00CD6FAF /* NetworkLayer.framework */ = {isa = PBXFileReference; explicitFileType = wrapper.framework; path = NetworkLayer.framework; sourceTree = BUILT_PRODUCTS_DIR; };
		83FF61D429B0D42E00CD6FAF /* MainPageViewModel.swift */ = {isa = PBXFileReference; lastKnownFileType = sourcecode.swift; path = MainPageViewModel.swift; sourceTree = "<group>"; };
		83FF61D929B0D55900CD6FAF /* Product.swift */ = {isa = PBXFileReference; lastKnownFileType = sourcecode.swift; path = Product.swift; sourceTree = "<group>"; };
		83FF61DB29B0EABC00CD6FAF /* Double+String.swift */ = {isa = PBXFileReference; lastKnownFileType = sourcecode.swift; path = "Double+String.swift"; sourceTree = "<group>"; };
		83FF61DD29B0EAF400CD6FAF /* CurrenyCodeEnum.swift */ = {isa = PBXFileReference; lastKnownFileType = sourcecode.swift; path = CurrenyCodeEnum.swift; sourceTree = "<group>"; };
		83FF61E029B0EBDE00CD6FAF /* UIImage+URL.swift */ = {isa = PBXFileReference; lastKnownFileType = sourcecode.swift; path = "UIImage+URL.swift"; sourceTree = "<group>"; };
/* End PBXFileReference section */

/* Begin PBXFrameworksBuildPhase section */
		6E1341AD280605060092B126 /* Frameworks */ = {
			isa = PBXFrameworksBuildPhase;
			buildActionMask = 2147483647;
			files = (
				83B3DCB129B29DB900AC4808 /* NetworkLayer.framework in Frameworks */,
			);
			runOnlyForDeploymentPostprocessing = 0;
		};
		6E1341C3280605070092B126 /* Frameworks */ = {
			isa = PBXFrameworksBuildPhase;
			buildActionMask = 2147483647;
			files = (
			);
			runOnlyForDeploymentPostprocessing = 0;
		};
		6E1341CD280605070092B126 /* Frameworks */ = {
			isa = PBXFrameworksBuildPhase;
			buildActionMask = 2147483647;
			files = (
			);
			runOnlyForDeploymentPostprocessing = 0;
		};
/* End PBXFrameworksBuildPhase section */

/* Begin PBXGroup section */
		6E1341A7280605060092B126 = {
			isa = PBXGroup;
			children = (
				6E1341B2280605060092B126 /* ShoppingApp */,
				6E1341C9280605070092B126 /* ShoppingAppTests */,
				6E1341D3280605070092B126 /* ShoppingAppUITests */,
				6E1341B1280605060092B126 /* Products */,
				83FF61CD29B0D05D00CD6FAF /* Frameworks */,
			);
			sourceTree = "<group>";
		};
		6E1341B1280605060092B126 /* Products */ = {
			isa = PBXGroup;
			children = (
				6E1341B0280605060092B126 /* ShoppingApp.app */,
				6E1341C6280605070092B126 /* ShoppingAppTests.xctest */,
				6E1341D0280605070092B126 /* ShoppingAppUITests.xctest */,
			);
			name = Products;
			sourceTree = "<group>";
		};
		6E1341B2280605060092B126 /* ShoppingApp */ = {
			isa = PBXGroup;
			children = (
				839AC2A129AE8BA700B6A250 /* AppLifeCycle */,
				839AC28B29AE332700B6A250 /* Application */,
				837FC4D429AFD30E003A9EED /* Components */,
				839AC28829AE32D000B6A250 /* Navigation */,
				83FF61D629B0D48800CD6FAF /* NetworkModels */,
				839AC29C29AE4BFD00B6A250 /* Utils */,
				6E1341C1280605070092B126 /* Info.plist */,
			);
			path = ShoppingApp;
			sourceTree = "<group>";
		};
		6E1341C9280605070092B126 /* ShoppingAppTests */ = {
			isa = PBXGroup;
			children = (
				6E1341CA280605070092B126 /* ShoppingAppTests.swift */,
			);
			path = ShoppingAppTests;
			sourceTree = "<group>";
		};
		6E1341D3280605070092B126 /* ShoppingAppUITests */ = {
			isa = PBXGroup;
			children = (
				6E1341D4280605070092B126 /* ShoppingAppUITests.swift */,
				6E1341D6280605070092B126 /* ShoppingAppUITestsLaunchTests.swift */,
			);
			path = ShoppingAppUITests;
			sourceTree = "<group>";
		};
		837FC4D029AFC96D003A9EED /* NavigationController */ = {
			isa = PBXGroup;
			children = (
				839AC2B329AEA92C00B6A250 /* UINavigationController+Configuration.swift */,
			);
			path = NavigationController;
			sourceTree = "<group>";
		};
		837FC4D429AFD30E003A9EED /* Components */ = {
			isa = PBXGroup;
			children = (
				837FC4D729AFE1B0003A9EED /* ProductsCollectionViewCell */,
				837FC4D529AFD32C003A9EED /* BaseViewController.swift */,
				83E8FF3C29B29035002D507D /* BaseViewModel.swift */,
			);
			path = Components;
			sourceTree = "<group>";
		};
		837FC4D729AFE1B0003A9EED /* ProductsCollectionViewCell */ = {
			isa = PBXGroup;
			children = (
				837FC4D829AFE1CD003A9EED /* ProductsCollectionViewCell.swift */,
				837FC4D929AFE1CD003A9EED /* ProductsCollectionViewCell.xib */,
				837FC4DE29AFE684003A9EED /* ProductsCollectionCellViewModel.swift */,
			);
			path = ProductsCollectionViewCell;
			sourceTree = "<group>";
		};
		839AC28829AE32D000B6A250 /* Navigation */ = {
			isa = PBXGroup;
			children = (
				839AC28929AE32E000B6A250 /* NavigationRouter.swift */,
				839AC29429AE379800B6A250 /* NavigationEnum.swift */,
			);
			path = Navigation;
			sourceTree = "<group>";
		};
		839AC28B29AE332700B6A250 /* Application */ = {
			isa = PBXGroup;
			children = (
				839AC2B229AEA81600B6A250 /* LaunchScreen */,
				839AC28E29AE336400B6A250 /* ShoppingCart */,
				839AC28D29AE334C00B6A250 /* DetailPage */,
				839AC28C29AE334100B6A250 /* MainPage */,
			);
			path = Application;
			sourceTree = "<group>";
		};
		839AC28C29AE334100B6A250 /* MainPage */ = {
			isa = PBXGroup;
			children = (
				6E1341B7280605060092B126 /* MainPageViewController.swift */,
				839AC2AB29AE9FDB00B6A250 /* MainPageViewController.storyboard */,
				83FF61D429B0D42E00CD6FAF /* MainPageViewModel.swift */,
			);
			path = MainPage;
			sourceTree = "<group>";
		};
		839AC28D29AE334C00B6A250 /* DetailPage */ = {
			isa = PBXGroup;
			children = (
				839AC28F29AE33D300B6A250 /* DetailPageViewController.swift */,
				839AC2AD29AEA10600B6A250 /* DetailPageViewController.storyboard */,
				83E8FF3A29B286BB002D507D /* DetailPageViewModel.swift */,
			);
			path = DetailPage;
			sourceTree = "<group>";
		};
		839AC28E29AE336400B6A250 /* ShoppingCart */ = {
			isa = PBXGroup;
			children = (
				839AC2A729AE94D400B6A250 /* ShoppingCartViewController.swift */,
				839AC2AF29AEA15F00B6A250 /* ShoppingCartViewController.storyboard */,
			);
			path = ShoppingCart;
			sourceTree = "<group>";
		};
		839AC29C29AE4BFD00B6A250 /* Utils */ = {
			isa = PBXGroup;
			children = (
				6E1341BC280605070092B126 /* Assets.xcassets */,
				83FF61DD29B0EAF400CD6FAF /* CurrenyCodeEnum.swift */,
				839AC2B129AEA7F500B6A250 /* Builders */,
				839AC2A429AE91B900B6A250 /* Extensions */,
			);
			path = Utils;
			sourceTree = "<group>";
		};
		839AC2A129AE8BA700B6A250 /* AppLifeCycle */ = {
			isa = PBXGroup;
			children = (
				6E1341B3280605060092B126 /* AppDelegate.swift */,
				6E1341B5280605060092B126 /* SceneDelegate.swift */,
			);
			path = AppLifeCycle;
			sourceTree = "<group>";
		};
		839AC2A429AE91B900B6A250 /* Extensions */ = {
			isa = PBXGroup;
			children = (
				83FF61DF29B0EB7200CD6FAF /* UI */,
				837FC4D029AFC96D003A9EED /* NavigationController */,
				83FF61DB29B0EABC00CD6FAF /* Double+String.swift */,
			);
			path = Extensions;
			sourceTree = "<group>";
		};
		839AC2B129AEA7F500B6A250 /* Builders */ = {
			isa = PBXGroup;
			children = (
				839AC29D29AE4C1D00B6A250 /* ViewControllerBuilder.swift */,
			);
			path = Builders;
			sourceTree = "<group>";
		};
		839AC2B229AEA81600B6A250 /* LaunchScreen */ = {
			isa = PBXGroup;
			children = (
				6E1341BE280605070092B126 /* LaunchScreen.storyboard */,
			);
			path = LaunchScreen;
			sourceTree = "<group>";
		};
		83B3DC9929B29D8D00AC4808 /* NetworkLayer */ = {
			isa = PBXGroup;
			children = (
				83B3DC9A29B29D8D00AC4808 /* NetworkLayer.xcodeproj */,
				83B3DC9D29B29D8D00AC4808 /* NetworkLayer */,
			);
			name = NetworkLayer;
			path = Modules/NetworkLayer;
			sourceTree = "<group>";
		};
		83B3DC9B29B29D8D00AC4808 /* Products */ = {
			isa = PBXGroup;
			children = (
				83B3DCA329B29D8D00AC4808 /* NetworkLayer.framework */,
			);
			name = Products;
			sourceTree = "<group>";
		};
		83B3DC9D29B29D8D00AC4808 /* NetworkLayer */ = {
			isa = PBXGroup;
			children = (
				83B3DC9E29B29D8D00AC4808 /* NetworkLayer.docc */,
				83B3DC9F29B29D8D00AC4808 /* NetworkLayer.swift */,
				83B3DCA029B29D8D00AC4808 /* NetworkLayer.h */,
			);
			path = NetworkLayer;
			sourceTree = "<group>";
		};
		83B3DCA629B29DB300AC4808 /* NetworkLayer */ = {
			isa = PBXGroup;
			children = (
				83B3DCA729B29DB300AC4808 /* NetworkLayer.xcodeproj */,
				83B3DCAA29B29DB300AC4808 /* NetworkLayer */,
			);
			name = NetworkLayer;
			path = Modules/NetworkLayer;
			sourceTree = "<group>";
		};
		83B3DCA829B29DB300AC4808 /* Products */ = {
			isa = PBXGroup;
			children = (
				83B3DCB029B29DB300AC4808 /* NetworkLayer.framework */,
			);
			name = Products;
			sourceTree = "<group>";
		};
		83B3DCAA29B29DB300AC4808 /* NetworkLayer */ = {
			isa = PBXGroup;
			children = (
				83B3DCAB29B29DB300AC4808 /* NetworkLayer.docc */,
				83B3DCAC29B29DB300AC4808 /* NetworkLayer.swift */,
				83B3DCAD29B29DB300AC4808 /* NetworkLayer.h */,
			);
			path = NetworkLayer;
			sourceTree = "<group>";
		};
		83FF61CD29B0D05D00CD6FAF /* Frameworks */ = {
			isa = PBXGroup;
			children = (
				83B3DC9929B29D8D00AC4808 /* NetworkLayer */,
				83B3DCA629B29DB300AC4808 /* NetworkLayer */,
				83E8FF4A29B29B9F002D507D /* NetworkLayer.framework */,
				83FF61CE29B0D05D00CD6FAF /* NetworkLayer.framework */,
			);
			name = Frameworks;
			sourceTree = "<group>";
		};
		83FF61D629B0D48800CD6FAF /* NetworkModels */ = {
			isa = PBXGroup;
			children = (
				83FF61D929B0D55900CD6FAF /* Product.swift */,
			);
			path = NetworkModels;
			sourceTree = "<group>";
		};
		83FF61DF29B0EB7200CD6FAF /* UI */ = {
			isa = PBXGroup;
			children = (
				839AC2A529AE91CF00B6A250 /* UIViewController+LoadNib.swift */,
				839A9D2C29AFC25200D51D7C /* UIColor+AppColors.swift */,
				837FC4DC29AFE3A5003A9EED /* UIFont+AppFont.swift */,
				83FF61E029B0EBDE00CD6FAF /* UIImage+URL.swift */,
			);
			path = UI;
			sourceTree = "<group>";
		};
/* End PBXGroup section */

/* Begin PBXNativeTarget section */
		6E1341AF280605060092B126 /* ShoppingApp */ = {
			isa = PBXNativeTarget;
			buildConfigurationList = 6E1341DA280605070092B126 /* Build configuration list for PBXNativeTarget "ShoppingApp" */;
			buildPhases = (
				6E1341AC280605060092B126 /* Sources */,
				6E1341AD280605060092B126 /* Frameworks */,
				6E1341AE280605060092B126 /* Resources */,
				83B3DCB329B29DB900AC4808 /* Embed Frameworks */,
			);
			buildRules = (
			);
			dependencies = (
			);
			name = ShoppingApp;
			productName = ShoppingApp;
			productReference = 6E1341B0280605060092B126 /* ShoppingApp.app */;
			productType = "com.apple.product-type.application";
		};
		6E1341C5280605070092B126 /* ShoppingAppTests */ = {
			isa = PBXNativeTarget;
			buildConfigurationList = 6E1341DD280605070092B126 /* Build configuration list for PBXNativeTarget "ShoppingAppTests" */;
			buildPhases = (
				6E1341C2280605070092B126 /* Sources */,
				6E1341C3280605070092B126 /* Frameworks */,
				6E1341C4280605070092B126 /* Resources */,
			);
			buildRules = (
			);
			dependencies = (
				6E1341C8280605070092B126 /* PBXTargetDependency */,
			);
			name = ShoppingAppTests;
			productName = ShoppingAppTests;
			productReference = 6E1341C6280605070092B126 /* ShoppingAppTests.xctest */;
			productType = "com.apple.product-type.bundle.unit-test";
		};
		6E1341CF280605070092B126 /* ShoppingAppUITests */ = {
			isa = PBXNativeTarget;
			buildConfigurationList = 6E1341E0280605070092B126 /* Build configuration list for PBXNativeTarget "ShoppingAppUITests" */;
			buildPhases = (
				6E1341CC280605070092B126 /* Sources */,
				6E1341CD280605070092B126 /* Frameworks */,
				6E1341CE280605070092B126 /* Resources */,
			);
			buildRules = (
			);
			dependencies = (
				6E1341D2280605070092B126 /* PBXTargetDependency */,
			);
			name = ShoppingAppUITests;
			productName = ShoppingAppUITests;
			productReference = 6E1341D0280605070092B126 /* ShoppingAppUITests.xctest */;
			productType = "com.apple.product-type.bundle.ui-testing";
		};
/* End PBXNativeTarget section */

/* Begin PBXProject section */
		6E1341A8280605060092B126 /* Project object */ = {
			isa = PBXProject;
			attributes = {
				BuildIndependentTargetsInParallel = 1;
				LastSwiftUpdateCheck = 1320;
				LastUpgradeCheck = 1320;
				TargetAttributes = {
					6E1341AF280605060092B126 = {
						CreatedOnToolsVersion = 13.2.1;
					};
					6E1341C5280605070092B126 = {
						CreatedOnToolsVersion = 13.2.1;
						TestTargetID = 6E1341AF280605060092B126;
					};
					6E1341CF280605070092B126 = {
						CreatedOnToolsVersion = 13.2.1;
						TestTargetID = 6E1341AF280605060092B126;
					};
				};
			};
			buildConfigurationList = 6E1341AB280605060092B126 /* Build configuration list for PBXProject "ShoppingApp" */;
			compatibilityVersion = "Xcode 14.0";
			developmentRegion = en;
			hasScannedForEncodings = 0;
			knownRegions = (
				en,
				Base,
			);
			mainGroup = 6E1341A7280605060092B126;
			productRefGroup = 6E1341B1280605060092B126 /* Products */;
			projectDirPath = "";
			projectReferences = (
				{
					ProductGroup = 83B3DCA829B29DB300AC4808 /* Products */;
					ProjectRef = 83B3DCA729B29DB300AC4808 /* NetworkLayer.xcodeproj */;
				},
				{
					ProductGroup = 83B3DC9B29B29D8D00AC4808 /* Products */;
					ProjectRef = 83B3DC9A29B29D8D00AC4808 /* NetworkLayer.xcodeproj */;
				},
			);
			projectRoot = "";
			targets = (
				6E1341AF280605060092B126 /* ShoppingApp */,
				6E1341C5280605070092B126 /* ShoppingAppTests */,
				6E1341CF280605070092B126 /* ShoppingAppUITests */,
			);
		};
/* End PBXProject section */

/* Begin PBXReferenceProxy section */
		83B3DCA329B29D8D00AC4808 /* NetworkLayer.framework */ = {
			isa = PBXReferenceProxy;
			fileType = wrapper.framework;
			path = NetworkLayer.framework;
			remoteRef = 83B3DCA229B29D8D00AC4808 /* PBXContainerItemProxy */;
			sourceTree = BUILT_PRODUCTS_DIR;
		};
		83B3DCB029B29DB300AC4808 /* NetworkLayer.framework */ = {
			isa = PBXReferenceProxy;
			fileType = wrapper.framework;
			path = NetworkLayer.framework;
			remoteRef = 83B3DCAF29B29DB300AC4808 /* PBXContainerItemProxy */;
			sourceTree = BUILT_PRODUCTS_DIR;
		};
/* End PBXReferenceProxy section */

/* Begin PBXResourcesBuildPhase section */
		6E1341AE280605060092B126 /* Resources */ = {
			isa = PBXResourcesBuildPhase;
			buildActionMask = 2147483647;
			files = (
				837FC4DB29AFE1CD003A9EED /* ProductsCollectionViewCell.xib in Resources */,
				839AC2B029AEA15F00B6A250 /* ShoppingCartViewController.storyboard in Resources */,
				6E1341C0280605070092B126 /* LaunchScreen.storyboard in Resources */,
				839AC2AE29AEA10600B6A250 /* DetailPageViewController.storyboard in Resources */,
				6E1341BD280605070092B126 /* Assets.xcassets in Resources */,
				839AC2AC29AE9FDB00B6A250 /* MainPageViewController.storyboard in Resources */,
			);
			runOnlyForDeploymentPostprocessing = 0;
		};
		6E1341C4280605070092B126 /* Resources */ = {
			isa = PBXResourcesBuildPhase;
			buildActionMask = 2147483647;
			files = (
			);
			runOnlyForDeploymentPostprocessing = 0;
		};
		6E1341CE280605070092B126 /* Resources */ = {
			isa = PBXResourcesBuildPhase;
			buildActionMask = 2147483647;
			files = (
			);
			runOnlyForDeploymentPostprocessing = 0;
		};
/* End PBXResourcesBuildPhase section */

/* Begin PBXSourcesBuildPhase section */
		6E1341AC280605060092B126 /* Sources */ = {
			isa = PBXSourcesBuildPhase;
			buildActionMask = 2147483647;
			files = (
				83FF61D529B0D42E00CD6FAF /* MainPageViewModel.swift in Sources */,
				83E8FF3D29B29035002D507D /* BaseViewModel.swift in Sources */,
				837FC4DA29AFE1CD003A9EED /* ProductsCollectionViewCell.swift in Sources */,
				839AC29529AE379800B6A250 /* NavigationEnum.swift in Sources */,
				83E8FF3B29B286BB002D507D /* DetailPageViewModel.swift in Sources */,
				839AC29129AE33D300B6A250 /* DetailPageViewController.swift in Sources */,
				6E1341B8280605060092B126 /* MainPageViewController.swift in Sources */,
				6E1341B4280605060092B126 /* AppDelegate.swift in Sources */,
				839AC28A29AE32E000B6A250 /* NavigationRouter.swift in Sources */,
				83FF61E129B0EBDE00CD6FAF /* UIImage+URL.swift in Sources */,
				837FC4D629AFD32C003A9EED /* BaseViewController.swift in Sources */,
				839A9D2D29AFC25200D51D7C /* UIColor+AppColors.swift in Sources */,
				839AC2B429AEA92C00B6A250 /* UINavigationController+Configuration.swift in Sources */,
				83FF61DE29B0EAF400CD6FAF /* CurrenyCodeEnum.swift in Sources */,
				839AC2A929AE94D400B6A250 /* ShoppingCartViewController.swift in Sources */,
				83FF61DC29B0EABC00CD6FAF /* Double+String.swift in Sources */,
				83FF61DA29B0D55900CD6FAF /* Product.swift in Sources */,
				6E1341B6280605060092B126 /* SceneDelegate.swift in Sources */,
				839AC29E29AE4C1D00B6A250 /* ViewControllerBuilder.swift in Sources */,
				837FC4DF29AFE684003A9EED /* ProductsCollectionCellViewModel.swift in Sources */,
				839AC2A629AE91CF00B6A250 /* UIViewController+LoadNib.swift in Sources */,
				837FC4DD29AFE3A5003A9EED /* UIFont+AppFont.swift in Sources */,
			);
			runOnlyForDeploymentPostprocessing = 0;
		};
		6E1341C2280605070092B126 /* Sources */ = {
			isa = PBXSourcesBuildPhase;
			buildActionMask = 2147483647;
			files = (
				6E1341CB280605070092B126 /* ShoppingAppTests.swift in Sources */,
			);
			runOnlyForDeploymentPostprocessing = 0;
		};
		6E1341CC280605070092B126 /* Sources */ = {
			isa = PBXSourcesBuildPhase;
			buildActionMask = 2147483647;
			files = (
				6E1341D7280605070092B126 /* ShoppingAppUITestsLaunchTests.swift in Sources */,
				6E1341D5280605070092B126 /* ShoppingAppUITests.swift in Sources */,
			);
			runOnlyForDeploymentPostprocessing = 0;
		};
/* End PBXSourcesBuildPhase section */

/* Begin PBXTargetDependency section */
		6E1341C8280605070092B126 /* PBXTargetDependency */ = {
			isa = PBXTargetDependency;
			target = 6E1341AF280605060092B126 /* ShoppingApp */;
			targetProxy = 6E1341C7280605070092B126 /* PBXContainerItemProxy */;
		};
		6E1341D2280605070092B126 /* PBXTargetDependency */ = {
			isa = PBXTargetDependency;
			target = 6E1341AF280605060092B126 /* ShoppingApp */;
			targetProxy = 6E1341D1280605070092B126 /* PBXContainerItemProxy */;
		};
/* End PBXTargetDependency section */

/* Begin PBXVariantGroup section */
		6E1341BE280605070092B126 /* LaunchScreen.storyboard */ = {
			isa = PBXVariantGroup;
			children = (
				6E1341BF280605070092B126 /* Base */,
			);
			name = LaunchScreen.storyboard;
			sourceTree = "<group>";
		};
/* End PBXVariantGroup section */

/* Begin XCBuildConfiguration section */
		6E1341D8280605070092B126 /* Debug */ = {
			isa = XCBuildConfiguration;
			buildSettings = {
				ALWAYS_SEARCH_USER_PATHS = NO;
				CLANG_ANALYZER_NONNULL = YES;
				CLANG_ANALYZER_NUMBER_OBJECT_CONVERSION = YES_AGGRESSIVE;
				CLANG_CXX_LANGUAGE_STANDARD = "gnu++17";
				CLANG_CXX_LIBRARY = "libc++";
				CLANG_ENABLE_MODULES = YES;
				CLANG_ENABLE_OBJC_ARC = YES;
				CLANG_ENABLE_OBJC_WEAK = YES;
				CLANG_WARN_BLOCK_CAPTURE_AUTORELEASING = YES;
				CLANG_WARN_BOOL_CONVERSION = YES;
				CLANG_WARN_COMMA = YES;
				CLANG_WARN_CONSTANT_CONVERSION = YES;
				CLANG_WARN_DEPRECATED_OBJC_IMPLEMENTATIONS = YES;
				CLANG_WARN_DIRECT_OBJC_ISA_USAGE = YES_ERROR;
				CLANG_WARN_DOCUMENTATION_COMMENTS = YES;
				CLANG_WARN_EMPTY_BODY = YES;
				CLANG_WARN_ENUM_CONVERSION = YES;
				CLANG_WARN_INFINITE_RECURSION = YES;
				CLANG_WARN_INT_CONVERSION = YES;
				CLANG_WARN_NON_LITERAL_NULL_CONVERSION = YES;
				CLANG_WARN_OBJC_IMPLICIT_RETAIN_SELF = YES;
				CLANG_WARN_OBJC_LITERAL_CONVERSION = YES;
				CLANG_WARN_OBJC_ROOT_CLASS = YES_ERROR;
				CLANG_WARN_QUOTED_INCLUDE_IN_FRAMEWORK_HEADER = YES;
				CLANG_WARN_RANGE_LOOP_ANALYSIS = YES;
				CLANG_WARN_STRICT_PROTOTYPES = YES;
				CLANG_WARN_SUSPICIOUS_MOVE = YES;
				CLANG_WARN_UNGUARDED_AVAILABILITY = YES_AGGRESSIVE;
				CLANG_WARN_UNREACHABLE_CODE = YES;
				CLANG_WARN__DUPLICATE_METHOD_MATCH = YES;
				COPY_PHASE_STRIP = NO;
				DEBUG_INFORMATION_FORMAT = dwarf;
				ENABLE_STRICT_OBJC_MSGSEND = YES;
				ENABLE_TESTABILITY = YES;
				GCC_C_LANGUAGE_STANDARD = gnu11;
				GCC_DYNAMIC_NO_PIC = NO;
				GCC_NO_COMMON_BLOCKS = YES;
				GCC_OPTIMIZATION_LEVEL = 0;
				GCC_PREPROCESSOR_DEFINITIONS = (
					"DEBUG=1",
					"$(inherited)",
				);
				GCC_WARN_64_TO_32_BIT_CONVERSION = YES;
				GCC_WARN_ABOUT_RETURN_TYPE = YES_ERROR;
				GCC_WARN_UNDECLARED_SELECTOR = YES;
				GCC_WARN_UNINITIALIZED_AUTOS = YES_AGGRESSIVE;
				GCC_WARN_UNUSED_FUNCTION = YES;
				GCC_WARN_UNUSED_VARIABLE = YES;
				IPHONEOS_DEPLOYMENT_TARGET = 16.0;
				MTL_ENABLE_DEBUG_INFO = INCLUDE_SOURCE;
				MTL_FAST_MATH = YES;
				ONLY_ACTIVE_ARCH = YES;
				SDKROOT = iphoneos;
				SWIFT_ACTIVE_COMPILATION_CONDITIONS = DEBUG;
				SWIFT_OPTIMIZATION_LEVEL = "-Onone";
			};
			name = Debug;
		};
		6E1341D9280605070092B126 /* Release */ = {
			isa = XCBuildConfiguration;
			buildSettings = {
				ALWAYS_SEARCH_USER_PATHS = NO;
				CLANG_ANALYZER_NONNULL = YES;
				CLANG_ANALYZER_NUMBER_OBJECT_CONVERSION = YES_AGGRESSIVE;
				CLANG_CXX_LANGUAGE_STANDARD = "gnu++17";
				CLANG_CXX_LIBRARY = "libc++";
				CLANG_ENABLE_MODULES = YES;
				CLANG_ENABLE_OBJC_ARC = YES;
				CLANG_ENABLE_OBJC_WEAK = YES;
				CLANG_WARN_BLOCK_CAPTURE_AUTORELEASING = YES;
				CLANG_WARN_BOOL_CONVERSION = YES;
				CLANG_WARN_COMMA = YES;
				CLANG_WARN_CONSTANT_CONVERSION = YES;
				CLANG_WARN_DEPRECATED_OBJC_IMPLEMENTATIONS = YES;
				CLANG_WARN_DIRECT_OBJC_ISA_USAGE = YES_ERROR;
				CLANG_WARN_DOCUMENTATION_COMMENTS = YES;
				CLANG_WARN_EMPTY_BODY = YES;
				CLANG_WARN_ENUM_CONVERSION = YES;
				CLANG_WARN_INFINITE_RECURSION = YES;
				CLANG_WARN_INT_CONVERSION = YES;
				CLANG_WARN_NON_LITERAL_NULL_CONVERSION = YES;
				CLANG_WARN_OBJC_IMPLICIT_RETAIN_SELF = YES;
				CLANG_WARN_OBJC_LITERAL_CONVERSION = YES;
				CLANG_WARN_OBJC_ROOT_CLASS = YES_ERROR;
				CLANG_WARN_QUOTED_INCLUDE_IN_FRAMEWORK_HEADER = YES;
				CLANG_WARN_RANGE_LOOP_ANALYSIS = YES;
				CLANG_WARN_STRICT_PROTOTYPES = YES;
				CLANG_WARN_SUSPICIOUS_MOVE = YES;
				CLANG_WARN_UNGUARDED_AVAILABILITY = YES_AGGRESSIVE;
				CLANG_WARN_UNREACHABLE_CODE = YES;
				CLANG_WARN__DUPLICATE_METHOD_MATCH = YES;
				COPY_PHASE_STRIP = NO;
				DEBUG_INFORMATION_FORMAT = "dwarf-with-dsym";
				ENABLE_NS_ASSERTIONS = NO;
				ENABLE_STRICT_OBJC_MSGSEND = YES;
				GCC_C_LANGUAGE_STANDARD = gnu11;
				GCC_NO_COMMON_BLOCKS = YES;
				GCC_WARN_64_TO_32_BIT_CONVERSION = YES;
				GCC_WARN_ABOUT_RETURN_TYPE = YES_ERROR;
				GCC_WARN_UNDECLARED_SELECTOR = YES;
				GCC_WARN_UNINITIALIZED_AUTOS = YES_AGGRESSIVE;
				GCC_WARN_UNUSED_FUNCTION = YES;
				GCC_WARN_UNUSED_VARIABLE = YES;
				IPHONEOS_DEPLOYMENT_TARGET = 16.0;
				MTL_ENABLE_DEBUG_INFO = NO;
				MTL_FAST_MATH = YES;
				SDKROOT = iphoneos;
				SWIFT_COMPILATION_MODE = wholemodule;
				SWIFT_OPTIMIZATION_LEVEL = "-O";
				VALIDATE_PRODUCT = YES;
			};
			name = Release;
		};
		6E1341DB280605070092B126 /* Debug */ = {
			isa = XCBuildConfiguration;
			buildSettings = {
				ASSETCATALOG_COMPILER_APPICON_NAME = AppIcon;
				ASSETCATALOG_COMPILER_GLOBAL_ACCENT_COLOR_NAME = AccentColor;
				CODE_SIGN_STYLE = Automatic;
				CURRENT_PROJECT_VERSION = 1;
				GENERATE_INFOPLIST_FILE = YES;
				INFOPLIST_FILE = ShoppingApp/Info.plist;
				INFOPLIST_KEY_UIApplicationSupportsIndirectInputEvents = YES;
				INFOPLIST_KEY_UILaunchStoryboardName = LaunchScreen;
				INFOPLIST_KEY_UISupportedInterfaceOrientations_iPad = "UIInterfaceOrientationPortrait UIInterfaceOrientationPortraitUpsideDown UIInterfaceOrientationLandscapeLeft UIInterfaceOrientationLandscapeRight";
				INFOPLIST_KEY_UISupportedInterfaceOrientations_iPhone = "UIInterfaceOrientationPortrait UIInterfaceOrientationLandscapeLeft UIInterfaceOrientationLandscapeRight";
				LD_RUNPATH_SEARCH_PATHS = (
					"$(inherited)",
					"@executable_path/Frameworks",
				);
				MARKETING_VERSION = 1.0;
				PRODUCT_BUNDLE_IDENTIFIER = com.getir.ShoppingApp;
				PRODUCT_NAME = "$(TARGET_NAME)";
				SWIFT_EMIT_LOC_STRINGS = YES;
				SWIFT_VERSION = 5.0;
				TARGETED_DEVICE_FAMILY = "1,2";
			};
			name = Debug;
		};
		6E1341DC280605070092B126 /* Release */ = {
			isa = XCBuildConfiguration;
			buildSettings = {
				ASSETCATALOG_COMPILER_APPICON_NAME = AppIcon;
				ASSETCATALOG_COMPILER_GLOBAL_ACCENT_COLOR_NAME = AccentColor;
				CODE_SIGN_STYLE = Automatic;
				CURRENT_PROJECT_VERSION = 1;
				GENERATE_INFOPLIST_FILE = YES;
				INFOPLIST_FILE = ShoppingApp/Info.plist;
				INFOPLIST_KEY_UIApplicationSupportsIndirectInputEvents = YES;
				INFOPLIST_KEY_UILaunchStoryboardName = LaunchScreen;
				INFOPLIST_KEY_UISupportedInterfaceOrientations_iPad = "UIInterfaceOrientationPortrait UIInterfaceOrientationPortraitUpsideDown UIInterfaceOrientationLandscapeLeft UIInterfaceOrientationLandscapeRight";
				INFOPLIST_KEY_UISupportedInterfaceOrientations_iPhone = "UIInterfaceOrientationPortrait UIInterfaceOrientationLandscapeLeft UIInterfaceOrientationLandscapeRight";
				LD_RUNPATH_SEARCH_PATHS = (
					"$(inherited)",
					"@executable_path/Frameworks",
				);
				MARKETING_VERSION = 1.0;
				PRODUCT_BUNDLE_IDENTIFIER = com.getir.ShoppingApp;
				PRODUCT_NAME = "$(TARGET_NAME)";
				SWIFT_EMIT_LOC_STRINGS = YES;
				SWIFT_VERSION = 5.0;
				TARGETED_DEVICE_FAMILY = "1,2";
			};
			name = Release;
		};
		6E1341DE280605070092B126 /* Debug */ = {
			isa = XCBuildConfiguration;
			buildSettings = {
				ALWAYS_EMBED_SWIFT_STANDARD_LIBRARIES = YES;
				BUNDLE_LOADER = "$(TEST_HOST)";
				CODE_SIGN_STYLE = Automatic;
				CURRENT_PROJECT_VERSION = 1;
				GENERATE_INFOPLIST_FILE = YES;
				IPHONEOS_DEPLOYMENT_TARGET = 15.2;
				MARKETING_VERSION = 1.0;
				PRODUCT_BUNDLE_IDENTIFIER = com.getir.ShoppingAppTests;
				PRODUCT_NAME = "$(TARGET_NAME)";
				SWIFT_EMIT_LOC_STRINGS = NO;
				SWIFT_VERSION = 5.0;
				TARGETED_DEVICE_FAMILY = "1,2";
				TEST_HOST = "$(BUILT_PRODUCTS_DIR)/ShoppingApp.app/ShoppingApp";
			};
			name = Debug;
		};
		6E1341DF280605070092B126 /* Release */ = {
			isa = XCBuildConfiguration;
			buildSettings = {
				ALWAYS_EMBED_SWIFT_STANDARD_LIBRARIES = YES;
				BUNDLE_LOADER = "$(TEST_HOST)";
				CODE_SIGN_STYLE = Automatic;
				CURRENT_PROJECT_VERSION = 1;
				GENERATE_INFOPLIST_FILE = YES;
				IPHONEOS_DEPLOYMENT_TARGET = 15.2;
				MARKETING_VERSION = 1.0;
				PRODUCT_BUNDLE_IDENTIFIER = com.getir.ShoppingAppTests;
				PRODUCT_NAME = "$(TARGET_NAME)";
				SWIFT_EMIT_LOC_STRINGS = NO;
				SWIFT_VERSION = 5.0;
				TARGETED_DEVICE_FAMILY = "1,2";
				TEST_HOST = "$(BUILT_PRODUCTS_DIR)/ShoppingApp.app/ShoppingApp";
			};
			name = Release;
		};
		6E1341E1280605070092B126 /* Debug */ = {
			isa = XCBuildConfiguration;
			buildSettings = {
				ALWAYS_EMBED_SWIFT_STANDARD_LIBRARIES = YES;
				CODE_SIGN_STYLE = Automatic;
				CURRENT_PROJECT_VERSION = 1;
				GENERATE_INFOPLIST_FILE = YES;
				MARKETING_VERSION = 1.0;
				PRODUCT_BUNDLE_IDENTIFIER = com.getir.ShoppingAppUITests;
				PRODUCT_NAME = "$(TARGET_NAME)";
				SWIFT_EMIT_LOC_STRINGS = NO;
				SWIFT_VERSION = 5.0;
				TARGETED_DEVICE_FAMILY = "1,2";
				TEST_TARGET_NAME = ShoppingApp;
			};
			name = Debug;
		};
		6E1341E2280605070092B126 /* Release */ = {
			isa = XCBuildConfiguration;
			buildSettings = {
				ALWAYS_EMBED_SWIFT_STANDARD_LIBRARIES = YES;
				CODE_SIGN_STYLE = Automatic;
				CURRENT_PROJECT_VERSION = 1;
				GENERATE_INFOPLIST_FILE = YES;
				MARKETING_VERSION = 1.0;
				PRODUCT_BUNDLE_IDENTIFIER = com.getir.ShoppingAppUITests;
				PRODUCT_NAME = "$(TARGET_NAME)";
				SWIFT_EMIT_LOC_STRINGS = NO;
				SWIFT_VERSION = 5.0;
				TARGETED_DEVICE_FAMILY = "1,2";
				TEST_TARGET_NAME = ShoppingApp;
			};
			name = Release;
		};
/* End XCBuildConfiguration section */

/* Begin XCConfigurationList section */
		6E1341AB280605060092B126 /* Build configuration list for PBXProject "ShoppingApp" */ = {
			isa = XCConfigurationList;
			buildConfigurations = (
				6E1341D8280605070092B126 /* Debug */,
				6E1341D9280605070092B126 /* Release */,
			);
			defaultConfigurationIsVisible = 0;
			defaultConfigurationName = Release;
		};
		6E1341DA280605070092B126 /* Build configuration list for PBXNativeTarget "ShoppingApp" */ = {
			isa = XCConfigurationList;
			buildConfigurations = (
				6E1341DB280605070092B126 /* Debug */,
				6E1341DC280605070092B126 /* Release */,
			);
			defaultConfigurationIsVisible = 0;
			defaultConfigurationName = Release;
		};
		6E1341DD280605070092B126 /* Build configuration list for PBXNativeTarget "ShoppingAppTests" */ = {
			isa = XCConfigurationList;
			buildConfigurations = (
				6E1341DE280605070092B126 /* Debug */,
				6E1341DF280605070092B126 /* Release */,
			);
			defaultConfigurationIsVisible = 0;
			defaultConfigurationName = Release;
		};
		6E1341E0280605070092B126 /* Build configuration list for PBXNativeTarget "ShoppingAppUITests" */ = {
			isa = XCConfigurationList;
			buildConfigurations = (
				6E1341E1280605070092B126 /* Debug */,
				6E1341E2280605070092B126 /* Release */,
			);
			defaultConfigurationIsVisible = 0;
			defaultConfigurationName = Release;
		};
/* End XCConfigurationList section */
	};
	rootObject = 6E1341A8280605060092B126 /* Project object */;
}
